// !$*UTF8*$!
{
	archiveVersion = 1;
	classes = {
	};
	objectVersion = 56;
	objects = {

/* Begin PBXBuildFile section */
		CEF3DC2C2A1EFCBD002382A8 /* MVVM_AssignmentApp.swift in Sources */ = {isa = PBXBuildFile; fileRef = CEF3DC2B2A1EFCBD002382A8 /* MVVM_AssignmentApp.swift */; };
		CEF3DC2E2A1EFCBD002382A8 /* ContentView.swift in Sources */ = {isa = PBXBuildFile; fileRef = CEF3DC2D2A1EFCBD002382A8 /* ContentView.swift */; };
		CEF3DC302A1EFCC1002382A8 /* Assets.xcassets in Resources */ = {isa = PBXBuildFile; fileRef = CEF3DC2F2A1EFCC1002382A8 /* Assets.xcassets */; };
		CEF3DC342A1EFCC1002382A8 /* Preview Assets.xcassets in Resources */ = {isa = PBXBuildFile; fileRef = CEF3DC332A1EFCC1002382A8 /* Preview Assets.xcassets */; };
		CEF3DC3E2A1EFE9D002382A8 /* Numbers.swift in Sources */ = {isa = PBXBuildFile; fileRef = CEF3DC3D2A1EFE9D002382A8 /* Numbers.swift */; };
		CEF3DC402A1EFF5A002382A8 /* NumbersView.swift in Sources */ = {isa = PBXBuildFile; fileRef = CEF3DC3F2A1EFF5A002382A8 /* NumbersView.swift */; };
		CEF3DC422A1F00A7002382A8 /* NumbersViewModel.swift in Sources */ = {isa = PBXBuildFile; fileRef = CEF3DC412A1F00A7002382A8 /* NumbersViewModel.swift */; };
		CEF3DC442A1F074E002382A8 /* Movies.swift in Sources */ = {isa = PBXBuildFile; fileRef = CEF3DC432A1F074E002382A8 /* Movies.swift */; };
		CEF3DC462A1F0BED002382A8 /* MoviesViewModel.swift in Sources */ = {isa = PBXBuildFile; fileRef = CEF3DC452A1F0BED002382A8 /* MoviesViewModel.swift */; };
		CEF3DC482A1F0E75002382A8 /* MovieView.swift in Sources */ = {isa = PBXBuildFile; fileRef = CEF3DC472A1F0E75002382A8 /* MovieView.swift */; };
		CEF3DC4A2A1F2D8F002382A8 /* Names.swift in Sources */ = {isa = PBXBuildFile; fileRef = CEF3DC492A1F2D8F002382A8 /* Names.swift */; };
		CEF3DC4C2A1F2E01002382A8 /* NamesViewModel.swift in Sources */ = {isa = PBXBuildFile; fileRef = CEF3DC4B2A1F2E01002382A8 /* NamesViewModel.swift */; };
		CEF3DC4E2A1F2F2C002382A8 /* NamesView.swift in Sources */ = {isa = PBXBuildFile; fileRef = CEF3DC4D2A1F2F2C002382A8 /* NamesView.swift */; };
/* End PBXBuildFile section */

/* Begin PBXFileReference section */
		CEF3DC282A1EFCBD002382A8 /* MVVM-Assignment.app */ = {isa = PBXFileReference; explicitFileType = wrapper.application; includeInIndex = 0; path = "MVVM-Assignment.app"; sourceTree = BUILT_PRODUCTS_DIR; };
		CEF3DC2B2A1EFCBD002382A8 /* MVVM_AssignmentApp.swift */ = {isa = PBXFileReference; lastKnownFileType = sourcecode.swift; path = MVVM_AssignmentApp.swift; sourceTree = "<group>"; };
		CEF3DC2D2A1EFCBD002382A8 /* ContentView.swift */ = {isa = PBXFileReference; lastKnownFileType = sourcecode.swift; path = ContentView.swift; sourceTree = "<group>"; };
		CEF3DC2F2A1EFCC1002382A8 /* Assets.xcassets */ = {isa = PBXFileReference; lastKnownFileType = folder.assetcatalog; path = Assets.xcassets; sourceTree = "<group>"; };
		CEF3DC312A1EFCC1002382A8 /* MVVM_Assignment.entitlements */ = {isa = PBXFileReference; lastKnownFileType = text.plist.entitlements; path = MVVM_Assignment.entitlements; sourceTree = "<group>"; };
		CEF3DC332A1EFCC1002382A8 /* Preview Assets.xcassets */ = {isa = PBXFileReference; lastKnownFileType = folder.assetcatalog; path = "Preview Assets.xcassets"; sourceTree = "<group>"; };
		CEF3DC3D2A1EFE9D002382A8 /* Numbers.swift */ = {isa = PBXFileReference; lastKnownFileType = sourcecode.swift; path = Numbers.swift; sourceTree = "<group>"; };
		CEF3DC3F2A1EFF5A002382A8 /* NumbersView.swift */ = {isa = PBXFileReference; lastKnownFileType = sourcecode.swift; path = NumbersView.swift; sourceTree = "<group>"; };
		CEF3DC412A1F00A7002382A8 /* NumbersViewModel.swift */ = {isa = PBXFileReference; lastKnownFileType = sourcecode.swift; path = NumbersViewModel.swift; sourceTree = "<group>"; };
		CEF3DC432A1F074E002382A8 /* Movies.swift */ = {isa = PBXFileReference; lastKnownFileType = sourcecode.swift; path = Movies.swift; sourceTree = "<group>"; };
		CEF3DC452A1F0BED002382A8 /* MoviesViewModel.swift */ = {isa = PBXFileReference; lastKnownFileType = sourcecode.swift; path = MoviesViewModel.swift; sourceTree = "<group>"; };
		CEF3DC472A1F0E75002382A8 /* MovieView.swift */ = {isa = PBXFileReference; lastKnownFileType = sourcecode.swift; path = MovieView.swift; sourceTree = "<group>"; };
		CEF3DC492A1F2D8F002382A8 /* Names.swift */ = {isa = PBXFileReference; lastKnownFileType = sourcecode.swift; path = Names.swift; sourceTree = "<group>"; };
		CEF3DC4B2A1F2E01002382A8 /* NamesViewModel.swift */ = {isa = PBXFileReference; lastKnownFileType = sourcecode.swift; path = NamesViewModel.swift; sourceTree = "<group>"; };
		CEF3DC4D2A1F2F2C002382A8 /* NamesView.swift */ = {isa = PBXFileReference; lastKnownFileType = sourcecode.swift; path = NamesView.swift; sourceTree = "<group>"; };
/* End PBXFileReference section */

/* Begin PBXFrameworksBuildPhase section */
		CEF3DC252A1EFCBD002382A8 /* Frameworks */ = {
			isa = PBXFrameworksBuildPhase;
			buildActionMask = 2147483647;
			files = (
			);
			runOnlyForDeploymentPostprocessing = 0;
		};
/* End PBXFrameworksBuildPhase section */

/* Begin PBXGroup section */
		CEF3DC1F2A1EFCBD002382A8 = {
			isa = PBXGroup;
			children = (
				CEF3DC2A2A1EFCBD002382A8 /* MVVM-Assignment */,
				CEF3DC292A1EFCBD002382A8 /* Products */,
			);
			sourceTree = "<group>";
		};
		CEF3DC292A1EFCBD002382A8 /* Products */ = {
			isa = PBXGroup;
			children = (
				CEF3DC282A1EFCBD002382A8 /* MVVM-Assignment.app */,
			);
			name = Products;
			sourceTree = "<group>";
		};
		CEF3DC2A2A1EFCBD002382A8 /* MVVM-Assignment */ = {
			isa = PBXGroup;
			children = (
				CEF3DC3B2A1EFD1C002382A8 /* Model */,
				CEF3DC3C2A1EFD29002382A8 /* ViewModel */,
				CEF3DC3A2A1EFD11002382A8 /* View */,
				CEF3DC2B2A1EFCBD002382A8 /* MVVM_AssignmentApp.swift */,
				CEF3DC2D2A1EFCBD002382A8 /* ContentView.swift */,
				CEF3DC2F2A1EFCC1002382A8 /* Assets.xcassets */,
				CEF3DC312A1EFCC1002382A8 /* MVVM_Assignment.entitlements */,
				CEF3DC322A1EFCC1002382A8 /* Preview Content */,
			);
			path = "MVVM-Assignment";
			sourceTree = "<group>";
		};
		CEF3DC322A1EFCC1002382A8 /* Preview Content */ = {
			isa = PBXGroup;
			children = (
				CEF3DC332A1EFCC1002382A8 /* Preview Assets.xcassets */,
			);
			path = "Preview Content";
			sourceTree = "<group>";
		};
		CEF3DC3A2A1EFD11002382A8 /* View */ = {
			isa = PBXGroup;
			children = (
				CEF3DC3F2A1EFF5A002382A8 /* NumbersView.swift */,
				CEF3DC472A1F0E75002382A8 /* MovieView.swift */,
				CEF3DC4D2A1F2F2C002382A8 /* NamesView.swift */,
			);
			path = View;
			sourceTree = "<group>";
		};
		CEF3DC3B2A1EFD1C002382A8 /* Model */ = {
			isa = PBXGroup;
			children = (
				CEF3DC3D2A1EFE9D002382A8 /* Numbers.swift */,
				CEF3DC432A1F074E002382A8 /* Movies.swift */,
				CEF3DC492A1F2D8F002382A8 /* Names.swift */,
			);
			path = Model;
			sourceTree = "<group>";
		};
		CEF3DC3C2A1EFD29002382A8 /* ViewModel */ = {
			isa = PBXGroup;
			children = (
				CEF3DC412A1F00A7002382A8 /* NumbersViewModel.swift */,
				CEF3DC452A1F0BED002382A8 /* MoviesViewModel.swift */,
				CEF3DC4B2A1F2E01002382A8 /* NamesViewModel.swift */,
			);
			path = ViewModel;
			sourceTree = "<group>";
		};
/* End PBXGroup section */

/* Begin PBXNativeTarget section */
		CEF3DC272A1EFCBD002382A8 /* MVVM-Assignment */ = {
			isa = PBXNativeTarget;
			buildConfigurationList = CEF3DC372A1EFCC1002382A8 /* Build configuration list for PBXNativeTarget "MVVM-Assignment" */;
			buildPhases = (
				CEF3DC242A1EFCBD002382A8 /* Sources */,
				CEF3DC252A1EFCBD002382A8 /* Frameworks */,
				CEF3DC262A1EFCBD002382A8 /* Resources */,
			);
			buildRules = (
			);
			dependencies = (
			);
			name = "MVVM-Assignment";
			productName = "MVVM-Assignment";
			productReference = CEF3DC282A1EFCBD002382A8 /* MVVM-Assignment.app */;
			productType = "com.apple.product-type.application";
		};
/* End PBXNativeTarget section */

/* Begin PBXProject section */
		CEF3DC202A1EFCBD002382A8 /* Project object */ = {
			isa = PBXProject;
			attributes = {
				BuildIndependentTargetsInParallel = 1;
				LastSwiftUpdateCheck = 1430;
				LastUpgradeCheck = 1430;
				TargetAttributes = {
					CEF3DC272A1EFCBD002382A8 = {
						CreatedOnToolsVersion = 14.3.1;
					};
				};
			};
			buildConfigurationList = CEF3DC232A1EFCBD002382A8 /* Build configuration list for PBXProject "MVVM-Assignment" */;
			compatibilityVersion = "Xcode 14.0";
			developmentRegion = en;
			hasScannedForEncodings = 0;
			knownRegions = (
				en,
				Base,
			);
			mainGroup = CEF3DC1F2A1EFCBD002382A8;
			productRefGroup = CEF3DC292A1EFCBD002382A8 /* Products */;
			projectDirPath = "";
			projectRoot = "";
			targets = (
				CEF3DC272A1EFCBD002382A8 /* MVVM-Assignment */,
			);
		};
/* End PBXProject section */

/* Begin PBXResourcesBuildPhase section */
		CEF3DC262A1EFCBD002382A8 /* Resources */ = {
			isa = PBXResourcesBuildPhase;
			buildActionMask = 2147483647;
			files = (
				CEF3DC342A1EFCC1002382A8 /* Preview Assets.xcassets in Resources */,
				CEF3DC302A1EFCC1002382A8 /* Assets.xcassets in Resources */,
			);
			runOnlyForDeploymentPostprocessing = 0;
		};
/* End PBXResourcesBuildPhase section */

/* Begin PBXSourcesBuildPhase section */
		CEF3DC242A1EFCBD002382A8 /* Sources */ = {
			isa = PBXSourcesBuildPhase;
			buildActionMask = 2147483647;
			files = (
				CEF3DC2E2A1EFCBD002382A8 /* ContentView.swift in Sources */,
				CEF3DC2C2A1EFCBD002382A8 /* MVVM_AssignmentApp.swift in Sources */,
				CEF3DC442A1F074E002382A8 /* Movies.swift in Sources */,
				CEF3DC3E2A1EFE9D002382A8 /* Numbers.swift in Sources */,
				CEF3DC462A1F0BED002382A8 /* MoviesViewModel.swift in Sources */,
				CEF3DC482A1F0E75002382A8 /* MovieView.swift in Sources */,
				CEF3DC4A2A1F2D8F002382A8 /* Names.swift in Sources */,
				CEF3DC402A1EFF5A002382A8 /* NumbersView.swift in Sources */,
				CEF3DC422A1F00A7002382A8 /* NumbersViewModel.swift in Sources */,
				CEF3DC4C2A1F2E01002382A8 /* NamesViewModel.swift in Sources */,
				CEF3DC4E2A1F2F2C002382A8 /* NamesView.swift in Sources */,
			);
			runOnlyForDeploymentPostprocessing = 0;
		};
/* End PBXSourcesBuildPhase section */

/* Begin XCBuildConfiguration section */
		CEF3DC352A1EFCC1002382A8 /* Debug */ = {
			isa = XCBuildConfiguration;
			buildSettings = {
				ALWAYS_SEARCH_USER_PATHS = NO;
				CLANG_ANALYZER_NONNULL = YES;
				CLANG_ANALYZER_NUMBER_OBJECT_CONVERSION = YES_AGGRESSIVE;
				CLANG_CXX_LANGUAGE_STANDARD = "gnu++20";
				CLANG_ENABLE_MODULES = YES;
				CLANG_ENABLE_OBJC_ARC = YES;
				CLANG_ENABLE_OBJC_WEAK = YES;
				CLANG_WARN_BLOCK_CAPTURE_AUTORELEASING = YES;
				CLANG_WARN_BOOL_CONVERSION = YES;
				CLANG_WARN_COMMA = YES;
				CLANG_WARN_CONSTANT_CONVERSION = YES;
				CLANG_WARN_DEPRECATED_OBJC_IMPLEMENTATIONS = YES;
				CLANG_WARN_DIRECT_OBJC_ISA_USAGE = YES_ERROR;
				CLANG_WARN_DOCUMENTATION_COMMENTS = YES;
				CLANG_WARN_EMPTY_BODY = YES;
				CLANG_WARN_ENUM_CONVERSION = YES;
				CLANG_WARN_INFINITE_RECURSION = YES;
				CLANG_WARN_INT_CONVERSION = YES;
				CLANG_WARN_NON_LITERAL_NULL_CONVERSION = YES;
				CLANG_WARN_OBJC_IMPLICIT_RETAIN_SELF = YES;
				CLANG_WARN_OBJC_LITERAL_CONVERSION = YES;
				CLANG_WARN_OBJC_ROOT_CLASS = YES_ERROR;
				CLANG_WARN_QUOTED_INCLUDE_IN_FRAMEWORK_HEADER = YES;
				CLANG_WARN_RANGE_LOOP_ANALYSIS = YES;
				CLANG_WARN_STRICT_PROTOTYPES = YES;
				CLANG_WARN_SUSPICIOUS_MOVE = YES;
				CLANG_WARN_UNGUARDED_AVAILABILITY = YES_AGGRESSIVE;
				CLANG_WARN_UNREACHABLE_CODE = YES;
				CLANG_WARN__DUPLICATE_METHOD_MATCH = YES;
				COPY_PHASE_STRIP = NO;
				DEBUG_INFORMATION_FORMAT = dwarf;
				ENABLE_STRICT_OBJC_MSGSEND = YES;
				ENABLE_TESTABILITY = YES;
				GCC_C_LANGUAGE_STANDARD = gnu11;
				GCC_DYNAMIC_NO_PIC = NO;
				GCC_NO_COMMON_BLOCKS = YES;
				GCC_OPTIMIZATION_LEVEL = 0;
				GCC_PREPROCESSOR_DEFINITIONS = (
					"DEBUG=1",
					"$(inherited)",
				);
				GCC_WARN_64_TO_32_BIT_CONVERSION = YES;
				GCC_WARN_ABOUT_RETURN_TYPE = YES_ERROR;
				GCC_WARN_UNDECLARED_SELECTOR = YES;
				GCC_WARN_UNINITIALIZED_AUTOS = YES_AGGRESSIVE;
				GCC_WARN_UNUSED_FUNCTION = YES;
				GCC_WARN_UNUSED_VARIABLE = YES;
				MTL_ENABLE_DEBUG_INFO = INCLUDE_SOURCE;
				MTL_FAST_MATH = YES;
				ONLY_ACTIVE_ARCH = YES;
				SWIFT_ACTIVE_COMPILATION_CONDITIONS = DEBUG;
				SWIFT_OPTIMIZATION_LEVEL = "-Onone";
			};
			name = Debug;
		};
		CEF3DC362A1EFCC1002382A8 /* Release */ = {
			isa = XCBuildConfiguration;
			buildSettings = {
				ALWAYS_SEARCH_USER_PATHS = NO;
				CLANG_ANALYZER_NONNULL = YES;
				CLANG_ANALYZER_NUMBER_OBJECT_CONVERSION = YES_AGGRESSIVE;
				CLANG_CXX_LANGUAGE_STANDARD = "gnu++20";
				CLANG_ENABLE_MODULES = YES;
				CLANG_ENABLE_OBJC_ARC = YES;
				CLANG_ENABLE_OBJC_WEAK = YES;
				CLANG_WARN_BLOCK_CAPTURE_AUTORELEASING = YES;
				CLANG_WARN_BOOL_CONVERSION = YES;
				CLANG_WARN_COMMA = YES;
				CLANG_WARN_CONSTANT_CONVERSION = YES;
				CLANG_WARN_DEPRECATED_OBJC_IMPLEMENTATIONS = YES;
				CLANG_WARN_DIRECT_OBJC_ISA_USAGE = YES_ERROR;
				CLANG_WARN_DOCUMENTATION_COMMENTS = YES;
				CLANG_WARN_EMPTY_BODY = YES;
				CLANG_WARN_ENUM_CONVERSION = YES;
				CLANG_WARN_INFINITE_RECURSION = YES;
				CLANG_WARN_INT_CONVERSION = YES;
				CLANG_WARN_NON_LITERAL_NULL_CONVERSION = YES;
				CLANG_WARN_OBJC_IMPLICIT_RETAIN_SELF = YES;
				CLANG_WARN_OBJC_LITERAL_CONVERSION = YES;
				CLANG_WARN_OBJC_ROOT_CLASS = YES_ERROR;
				CLANG_WARN_QUOTED_INCLUDE_IN_FRAMEWORK_HEADER = YES;
				CLANG_WARN_RANGE_LOOP_ANALYSIS = YES;
				CLANG_WARN_STRICT_PROTOTYPES = YES;
				CLANG_WARN_SUSPICIOUS_MOVE = YES;
				CLANG_WARN_UNGUARDED_AVAILABILITY = YES_AGGRESSIVE;
				CLANG_WARN_UNREACHABLE_CODE = YES;
				CLANG_WARN__DUPLICATE_METHOD_MATCH = YES;
				COPY_PHASE_STRIP = NO;
				DEBUG_INFORMATION_FORMAT = "dwarf-with-dsym";
				ENABLE_NS_ASSERTIONS = NO;
				ENABLE_STRICT_OBJC_MSGSEND = YES;
				GCC_C_LANGUAGE_STANDARD = gnu11;
				GCC_NO_COMMON_BLOCKS = YES;
				GCC_WARN_64_TO_32_BIT_CONVERSION = YES;
				GCC_WARN_ABOUT_RETURN_TYPE = YES_ERROR;
				GCC_WARN_UNDECLARED_SELECTOR = YES;
				GCC_WARN_UNINITIALIZED_AUTOS = YES_AGGRESSIVE;
				GCC_WARN_UNUSED_FUNCTION = YES;
				GCC_WARN_UNUSED_VARIABLE = YES;
				MTL_ENABLE_DEBUG_INFO = NO;
				MTL_FAST_MATH = YES;
				SWIFT_COMPILATION_MODE = wholemodule;
				SWIFT_OPTIMIZATION_LEVEL = "-O";
			};
			name = Release;
		};
		CEF3DC382A1EFCC1002382A8 /* Debug */ = {
			isa = XCBuildConfiguration;
			buildSettings = {
				ASSETCATALOG_COMPILER_APPICON_NAME = AppIcon;
				ASSETCATALOG_COMPILER_GLOBAL_ACCENT_COLOR_NAME = AccentColor;
				CODE_SIGN_ENTITLEMENTS = "MVVM-Assignment/MVVM_Assignment.entitlements";
				CODE_SIGN_STYLE = Automatic;
				CURRENT_PROJECT_VERSION = 1;
				DEVELOPMENT_ASSET_PATHS = "\"MVVM-Assignment/Preview Content\"";
				DEVELOPMENT_TEAM = 94RFRU94AH;
				ENABLE_HARDENED_RUNTIME = YES;
				ENABLE_PREVIEWS = YES;
				GENERATE_INFOPLIST_FILE = YES;
				"INFOPLIST_KEY_UIApplicationSceneManifest_Generation[sdk=iphoneos*]" = YES;
				"INFOPLIST_KEY_UIApplicationSceneManifest_Generation[sdk=iphonesimulator*]" = YES;
				"INFOPLIST_KEY_UIApplicationSupportsIndirectInputEvents[sdk=iphoneos*]" = YES;
				"INFOPLIST_KEY_UIApplicationSupportsIndirectInputEvents[sdk=iphonesimulator*]" = YES;
				"INFOPLIST_KEY_UILaunchScreen_Generation[sdk=iphoneos*]" = YES;
				"INFOPLIST_KEY_UILaunchScreen_Generation[sdk=iphonesimulator*]" = YES;
				"INFOPLIST_KEY_UIStatusBarStyle[sdk=iphoneos*]" = UIStatusBarStyleDefault;
				"INFOPLIST_KEY_UIStatusBarStyle[sdk=iphonesimulator*]" = UIStatusBarStyleDefault;
				INFOPLIST_KEY_UISupportedInterfaceOrientations_iPad = "UIInterfaceOrientationPortrait UIInterfaceOrientationPortraitUpsideDown UIInterfaceOrientationLandscapeLeft UIInterfaceOrientationLandscapeRight";
				INFOPLIST_KEY_UISupportedInterfaceOrientations_iPhone = "UIInterfaceOrientationPortrait UIInterfaceOrientationLandscapeLeft UIInterfaceOrientationLandscapeRight";
				IPHONEOS_DEPLOYMENT_TARGET = 16.4;
				LD_RUNPATH_SEARCH_PATHS = "@executable_path/Frameworks";
				"LD_RUNPATH_SEARCH_PATHS[sdk=macosx*]" = "@executable_path/../Frameworks";
				MACOSX_DEPLOYMENT_TARGET = 13.3;
				MARKETING_VERSION = 1.0;
				PRODUCT_BUNDLE_IDENTIFIER = "marimahmed.week4.MVVM-Assignment";
				PRODUCT_NAME = "$(TARGET_NAME)";
				SDKROOT = auto;
				SUPPORTED_PLATFORMS = "iphoneos iphonesimulator macosx";
				SWIFT_EMIT_LOC_STRINGS = YES;
				SWIFT_VERSION = 5.0;
				TARGETED_DEVICE_FAMILY = "1,2";
			};
			name = Debug;
		};
		CEF3DC392A1EFCC1002382A8 /* Release */ = {
			isa = XCBuildConfiguration;
			buildSettings = {
				ASSETCATALOG_COMPILER_APPICON_NAME = AppIcon;
				ASSETCATALOG_COMPILER_GLOBAL_ACCENT_COLOR_NAME = AccentColor;
				CODE_SIGN_ENTITLEMENTS = "MVVM-Assignment/MVVM_Assignment.entitlements";
				CODE_SIGN_STYLE = Automatic;
				CURRENT_PROJECT_VERSION = 1;
				DEVELOPMENT_ASSET_PATHS = "\"MVVM-Assignment/Preview Content\"";
				DEVELOPMENT_TEAM = 94RFRU94AH;
				ENABLE_HARDENED_RUNTIME = YES;
				ENABLE_PREVIEWS = YES;
				GENERATE_INFOPLIST_FILE = YES;
				"INFOPLIST_KEY_UIApplicationSceneManifest_Generation[sdk=iphoneos*]" = YES;
				"INFOPLIST_KEY_UIApplicationSceneManifest_Generation[sdk=iphonesimulator*]" = YES;
				"INFOPLIST_KEY_UIApplicationSupportsIndirectInputEvents[sdk=iphoneos*]" = YES;
				"INFOPLIST_KEY_UIApplicationSupportsIndirectInputEvents[sdk=iphonesimulator*]" = YES;
				"INFOPLIST_KEY_UILaunchScreen_Generation[sdk=iphoneos*]" = YES;
				"INFOPLIST_KEY_UILaunchScreen_Generation[sdk=iphonesimulator*]" = YES;
				"INFOPLIST_KEY_UIStatusBarStyle[sdk=iphoneos*]" = UIStatusBarStyleDefault;
				"INFOPLIST_KEY_UIStatusBarStyle[sdk=iphonesimulator*]" = UIStatusBarStyleDefault;
				INFOPLIST_KEY_UISupportedInterfaceOrientations_iPad = "UIInterfaceOrientationPortrait UIInterfaceOrientationPortraitUpsideDown UIInterfaceOrientationLandscapeLeft UIInterfaceOrientationLandscapeRight";
				INFOPLIST_KEY_UISupportedInterfaceOrientations_iPhone = "UIInterfaceOrientationPortrait UIInterfaceOrientationLandscapeLeft UIInterfaceOrientationLandscapeRight";
				IPHONEOS_DEPLOYMENT_TARGET = 16.4;
				LD_RUNPATH_SEARCH_PATHS = "@executable_path/Frameworks";
				"LD_RUNPATH_SEARCH_PATHS[sdk=macosx*]" = "@executable_path/../Frameworks";
				MACOSX_DEPLOYMENT_TARGET = 13.3;
				MARKETING_VERSION = 1.0;
				PRODUCT_BUNDLE_IDENTIFIER = "marimahmed.week4.MVVM-Assignment";
				PRODUCT_NAME = "$(TARGET_NAME)";
				SDKROOT = auto;
				SUPPORTED_PLATFORMS = "iphoneos iphonesimulator macosx";
				SWIFT_EMIT_LOC_STRINGS = YES;
				SWIFT_VERSION = 5.0;
				TARGETED_DEVICE_FAMILY = "1,2";
			};
			name = Release;
		};
/* End XCBuildConfiguration section */

/* Begin XCConfigurationList section */
		CEF3DC232A1EFCBD002382A8 /* Build configuration list for PBXProject "MVVM-Assignment" */ = {
			isa = XCConfigurationList;
			buildConfigurations = (
				CEF3DC352A1EFCC1002382A8 /* Debug */,
				CEF3DC362A1EFCC1002382A8 /* Release */,
			);
			defaultConfigurationIsVisible = 0;
			defaultConfigurationName = Release;
		};
		CEF3DC372A1EFCC1002382A8 /* Build configuration list for PBXNativeTarget "MVVM-Assignment" */ = {
			isa = XCConfigurationList;
			buildConfigurations = (
				CEF3DC382A1EFCC1002382A8 /* Debug */,
				CEF3DC392A1EFCC1002382A8 /* Release */,
			);
			defaultConfigurationIsVisible = 0;
			defaultConfigurationName = Release;
		};
/* End XCConfigurationList section */
	};
	rootObject = CEF3DC202A1EFCBD002382A8 /* Project object */;
}
